
Microsoft Visual Studio Solution File, Format Version 12.00
# Visual Studio 15
VisualStudioVersion = 15.0.28307.421
MinimumVisualStudioVersion = 10.0.40219.1
Project("{FAE04EC0-301F-11D3-BF4B-00C04F79EFBC}") = "HerhalingsOefening.Android", "HerhalingsOefening\HerhalingsOefening.Android\HerhalingsOefening.Android.csproj", "{B9E28695-22F2-45E0-A2F9-F87F34090674}"
EndProject
Project("{FAE04EC0-301F-11D3-BF4B-00C04F79EFBC}") = "HerhalingsOefening.iOS", "HerhalingsOefening\HerhalingsOefening.iOS\HerhalingsOefening.iOS.csproj", "{7C541388-EFE6-48E9-B62B-9BE26FB4E4D9}"
EndProject
Project("{FAE04EC0-301F-11D3-BF4B-00C04F79EFBC}") = "HerhalingsOefening", "HerhalingsOefening\HerhalingsOefening\HerhalingsOefening.csproj", "{17A7EACB-826F-4A93-BBCD-35BB4EAE720B}"
EndProject
Project("{FAE04EC0-301F-11D3-BF4B-00C04F79EFBC}") = "MCT.HerhalingsOefening", "MCT.HerhalingsOefening\MCT.HerhalingsOefening.csproj", "{C572BC9E-45B2-442E-A66D-72A47CE8F43B}"
EndProject
Global
	GlobalSection(SolutionConfigurationPlatforms) = preSolution
		Ad-Hoc|Any CPU = Ad-Hoc|Any CPU
		Ad-Hoc|iPhone = Ad-Hoc|iPhone
		Ad-Hoc|iPhoneSimulator = Ad-Hoc|iPhoneSimulator
		AppStore|Any CPU = AppStore|Any CPU
		AppStore|iPhone = AppStore|iPhone
		AppStore|iPhoneSimulator = AppStore|iPhoneSimulator
		Debug|Any CPU = Debug|Any CPU
		Debug|iPhone = Debug|iPhone
		Debug|iPhoneSimulator = Debug|iPhoneSimulator
		Release|Any CPU = Release|Any CPU
		Release|iPhone = Release|iPhone
		Release|iPhoneSimulator = Release|iPhoneSimulator
	EndGlobalSection
	GlobalSection(ProjectConfigurationPlatforms) = postSolution
		{B9E28695-22F2-45E0-A2F9-F87F34090674}.Ad-Hoc|Any CPU.ActiveCfg = Release|Any CPU
		{B9E28695-22F2-45E0-A2F9-F87F34090674}.Ad-Hoc|Any CPU.Build.0 = Release|Any CPU
		{B9E28695-22F2-45E0-A2F9-F87F34090674}.Ad-Hoc|Any CPU.Deploy.0 = Release|Any CPU
		{B9E28695-22F2-45E0-A2F9-F87F34090674}.Ad-Hoc|iPhone.ActiveCfg = Release|Any CPU
		{B9E28695-22F2-45E0-A2F9-F87F34090674}.Ad-Hoc|iPhone.Build.0 = Release|Any CPU
		{B9E28695-22F2-45E0-A2F9-F87F34090674}.Ad-Hoc|iPhone.Deploy.0 = Release|Any CPU
		{B9E28695-22F2-45E0-A2F9-F87F34090674}.Ad-Hoc|iPhoneSimulator.ActiveCfg = Release|Any CPU
		{B9E28695-22F2-45E0-A2F9-F87F34090674}.Ad-Hoc|iPhoneSimulator.Build.0 = Release|Any CPU
		{B9E28695-22F2-45E0-A2F9-F87F34090674}.Ad-Hoc|iPhoneSimulator.Deploy.0 = Release|Any CPU
		{B9E28695-22F2-45E0-A2F9-F87F34090674}.AppStore|Any CPU.ActiveCfg = Release|Any CPU
		{B9E28695-22F2-45E0-A2F9-F87F34090674}.AppStore|Any CPU.Build.0 = Release|Any CPU
		{B9E28695-22F2-45E0-A2F9-F87F34090674}.AppStore|Any CPU.Deploy.0 = Release|Any CPU
		{B9E28695-22F2-45E0-A2F9-F87F34090674}.AppStore|iPhone.ActiveCfg = Release|Any CPU
		{B9E28695-22F2-45E0-A2F9-F87F34090674}.AppStore|iPhone.Build.0 = Release|Any CPU
		{B9E28695-22F2-45E0-A2F9-F87F34090674}.AppStore|iPhone.Deploy.0 = Release|Any CPU
		{B9E28695-22F2-45E0-A2F9-F87F34090674}.AppStore|iPhoneSimulator.ActiveCfg = Release|Any CPU
		{B9E28695-22F2-45E0-A2F9-F87F34090674}.AppStore|iPhoneSimulator.Build.0 = Release|Any CPU
		{B9E28695-22F2-45E0-A2F9-F87F34090674}.AppStore|iPhoneSimulator.Deploy.0 = Release|Any CPU
		{B9E28695-22F2-45E0-A2F9-F87F34090674}.Debug|Any CPU.ActiveCfg = Debug|Any CPU
		{B9E28695-22F2-45E0-A2F9-F87F34090674}.Debug|Any CPU.Build.0 = Debug|Any CPU
		{B9E28695-22F2-45E0-A2F9-F87F34090674}.Debug|Any CPU.Deploy.0 = Debug|Any CPU
		{B9E28695-22F2-45E0-A2F9-F87F34090674}.Debug|iPhone.ActiveCfg = Debug|Any CPU
		{B9E28695-22F2-45E0-A2F9-F87F34090674}.Debug|iPhone.Build.0 = Debug|Any CPU
		{B9E28695-22F2-45E0-A2F9-F87F34090674}.Debug|iPhone.Deploy.0 = Debug|Any CPU
		{B9E28695-22F2-45E0-A2F9-F87F34090674}.Debug|iPhoneSimulator.ActiveCfg = Debug|Any CPU
		{B9E28695-22F2-45E0-A2F9-F87F34090674}.Debug|iPhoneSimulator.Build.0 = Debug|Any CPU
		{B9E28695-22F2-45E0-A2F9-F87F34090674}.Debug|iPhoneSimulator.Deploy.0 = Debug|Any CPU
		{B9E28695-22F2-45E0-A2F9-F87F34090674}.Release|Any CPU.ActiveCfg = Release|Any CPU
		{B9E28695-22F2-45E0-A2F9-F87F34090674}.Release|Any CPU.Build.0 = Release|Any CPU
		{B9E28695-22F2-45E0-A2F9-F87F34090674}.Release|Any CPU.Deploy.0 = Release|Any CPU
		{B9E28695-22F2-45E0-A2F9-F87F34090674}.Release|iPhone.ActiveCfg = Release|Any CPU
		{B9E28695-22F2-45E0-A2F9-F87F34090674}.Release|iPhone.Build.0 = Release|Any CPU
		{B9E28695-22F2-45E0-A2F9-F87F34090674}.Release|iPhone.Deploy.0 = Release|Any CPU
		{B9E28695-22F2-45E0-A2F9-F87F34090674}.Release|iPhoneSimulator.ActiveCfg = Release|Any CPU
		{B9E28695-22F2-45E0-A2F9-F87F34090674}.Release|iPhoneSimulator.Build.0 = Release|Any CPU
		{B9E28695-22F2-45E0-A2F9-F87F34090674}.Release|iPhoneSimulator.Deploy.0 = Release|Any CPU
		{7C541388-EFE6-48E9-B62B-9BE26FB4E4D9}.Ad-Hoc|Any CPU.ActiveCfg = Ad-Hoc|iPhone
		{7C541388-EFE6-48E9-B62B-9BE26FB4E4D9}.Ad-Hoc|Any CPU.Build.0 = Ad-Hoc|iPhone
		{7C541388-EFE6-48E9-B62B-9BE26FB4E4D9}.Ad-Hoc|Any CPU.Deploy.0 = Ad-Hoc|iPhone
		{7C541388-EFE6-48E9-B62B-9BE26FB4E4D9}.Ad-Hoc|iPhone.ActiveCfg = Ad-Hoc|iPhone
		{7C541388-EFE6-48E9-B62B-9BE26FB4E4D9}.Ad-Hoc|iPhone.Build.0 = Ad-Hoc|iPhone
		{7C541388-EFE6-48E9-B62B-9BE26FB4E4D9}.Ad-Hoc|iPhone.Deploy.0 = Ad-Hoc|iPhone
		{7C541388-EFE6-48E9-B62B-9BE26FB4E4D9}.Ad-Hoc|iPhoneSimulator.ActiveCfg = Ad-Hoc|iPhoneSimulator
		{7C541388-EFE6-48E9-B62B-9BE26FB4E4D9}.Ad-Hoc|iPhoneSimulator.Build.0 = Ad-Hoc|iPhoneSimulator
		{7C541388-EFE6-48E9-B62B-9BE26FB4E4D9}.Ad-Hoc|iPhoneSimulator.Deploy.0 = Ad-Hoc|iPhoneSimulator
		{7C541388-EFE6-48E9-B62B-9BE26FB4E4D9}.AppStore|Any CPU.ActiveCfg = AppStore|iPhone
		{7C541388-EFE6-48E9-B62B-9BE26FB4E4D9}.AppStore|Any CPU.Build.0 = AppStore|iPhone
		{7C541388-EFE6-48E9-B62B-9BE26FB4E4D9}.AppStore|Any CPU.Deploy.0 = AppStore|iPhone
		{7C541388-EFE6-48E9-B62B-9BE26FB4E4D9}.AppStore|iPhone.ActiveCfg = AppStore|iPhone
		{7C541388-EFE6-48E9-B62B-9BE26FB4E4D9}.AppStore|iPhone.Build.0 = AppStore|iPhone
		{7C541388-EFE6-48E9-B62B-9BE26FB4E4D9}.AppStore|iPhone.Deploy.0 = AppStore|iPhone
		{7C541388-EFE6-48E9-B62B-9BE26FB4E4D9}.AppStore|iPhoneSimulator.ActiveCfg = AppStore|iPhoneSimulator
		{7C541388-EFE6-48E9-B62B-9BE26FB4E4D9}.AppStore|iPhoneSimulator.Build.0 = AppStore|iPhoneSimulator
		{7C541388-EFE6-48E9-B62B-9BE26FB4E4D9}.AppStore|iPhoneSimulator.Deploy.0 = AppStore|iPhoneSimulator
		{7C541388-EFE6-48E9-B62B-9BE26FB4E4D9}.Debug|Any CPU.ActiveCfg = Debug|iPhoneSimulator
		{7C541388-EFE6-48E9-B62B-9BE26FB4E4D9}.Debug|Any CPU.Build.0 = Debug|iPhoneSimulator
		{7C541388-EFE6-48E9-B62B-9BE26FB4E4D9}.Debug|Any CPU.Deploy.0 = Debug|iPhoneSimulator
		{7C541388-EFE6-48E9-B62B-9BE26FB4E4D9}.Debug|iPhone.ActiveCfg = Debug|iPhone
		{7C541388-EFE6-48E9-B62B-9BE26FB4E4D9}.Debug|iPhone.Build.0 = Debug|iPhone
		{7C541388-EFE6-48E9-B62B-9BE26FB4E4D9}.Debug|iPhone.Deploy.0 = Debug|iPhone
		{7C541388-EFE6-48E9-B62B-9BE26FB4E4D9}.Debug|iPhoneSimulator.ActiveCfg = Debug|iPhoneSimulator
		{7C541388-EFE6-48E9-B62B-9BE26FB4E4D9}.Debug|iPhoneSimulator.Build.0 = Debug|iPhoneSimulator
		{7C541388-EFE6-48E9-B62B-9BE26FB4E4D9}.Debug|iPhoneSimulator.Deploy.0 = Debug|iPhoneSimulator
		{7C541388-EFE6-48E9-B62B-9BE26FB4E4D9}.Release|Any CPU.ActiveCfg = Release|iPhone
		{7C541388-EFE6-48E9-B62B-9BE26FB4E4D9}.Release|Any CPU.Build.0 = Release|iPhone
		{7C541388-EFE6-48E9-B62B-9BE26FB4E4D9}.Release|Any CPU.Deploy.0 = Release|iPhone
		{7C541388-EFE6-48E9-B62B-9BE26FB4E4D9}.Release|iPhone.ActiveCfg = Release|iPhone
		{7C541388-EFE6-48E9-B62B-9BE26FB4E4D9}.Release|iPhone.Build.0 = Release|iPhone
		{7C541388-EFE6-48E9-B62B-9BE26FB4E4D9}.Release|iPhone.Deploy.0 = Release|iPhone
		{7C541388-EFE6-48E9-B62B-9BE26FB4E4D9}.Release|iPhoneSimulator.ActiveCfg = Release|iPhoneSimulator
		{7C541388-EFE6-48E9-B62B-9BE26FB4E4D9}.Release|iPhoneSimulator.Build.0 = Release|iPhoneSimulator
		{7C541388-EFE6-48E9-B62B-9BE26FB4E4D9}.Release|iPhoneSimulator.Deploy.0 = Release|iPhoneSimulator
		{17A7EACB-826F-4A93-BBCD-35BB4EAE720B}.Ad-Hoc|Any CPU.ActiveCfg = Debug|Any CPU
		{17A7EACB-826F-4A93-BBCD-35BB4EAE720B}.Ad-Hoc|Any CPU.Build.0 = Debug|Any CPU
		{17A7EACB-826F-4A93-BBCD-35BB4EAE720B}.Ad-Hoc|Any CPU.Deploy.0 = Debug|Any CPU
		{17A7EACB-826F-4A93-BBCD-35BB4EAE720B}.Ad-Hoc|iPhone.ActiveCfg = Debug|Any CPU
		{17A7EACB-826F-4A93-BBCD-35BB4EAE720B}.Ad-Hoc|iPhone.Build.0 = Debug|Any CPU
		{17A7EACB-826F-4A93-BBCD-35BB4EAE720B}.Ad-Hoc|iPhone.Deploy.0 = Debug|Any CPU
		{17A7EACB-826F-4A93-BBCD-35BB4EAE720B}.Ad-Hoc|iPhoneSimulator.ActiveCfg = Debug|Any CPU
		{17A7EACB-826F-4A93-BBCD-35BB4EAE720B}.Ad-Hoc|iPhoneSimulator.Build.0 = Debug|Any CPU
		{17A7EACB-826F-4A93-BBCD-35BB4EAE720B}.Ad-Hoc|iPhoneSimulator.Deploy.0 = Debug|Any CPU
		{17A7EACB-826F-4A93-BBCD-35BB4EAE720B}.AppStore|Any CPU.ActiveCfg = Debug|Any CPU
		{17A7EACB-826F-4A93-BBCD-35BB4EAE720B}.AppStore|Any CPU.Build.0 = Debug|Any CPU
		{17A7EACB-826F-4A93-BBCD-35BB4EAE720B}.AppStore|Any CPU.Deploy.0 = Debug|Any CPU
		{17A7EACB-826F-4A93-BBCD-35BB4EAE720B}.AppStore|iPhone.ActiveCfg = Debug|Any CPU
		{17A7EACB-826F-4A93-BBCD-35BB4EAE720B}.AppStore|iPhone.Build.0 = Debug|Any CPU
		{17A7EACB-826F-4A93-BBCD-35BB4EAE720B}.AppStore|iPhone.Deploy.0 = Debug|Any CPU
		{17A7EACB-826F-4A93-BBCD-35BB4EAE720B}.AppStore|iPhoneSimulator.ActiveCfg = Debug|Any CPU
		{17A7EACB-826F-4A93-BBCD-35BB4EAE720B}.AppStore|iPhoneSimulator.Build.0 = Debug|Any CPU
		{17A7EACB-826F-4A93-BBCD-35BB4EAE720B}.AppStore|iPhoneSimulator.Deploy.0 = Debug|Any CPU
		{17A7EACB-826F-4A93-BBCD-35BB4EAE720B}.Debug|Any CPU.ActiveCfg = Debug|Any CPU
		{17A7EACB-826F-4A93-BBCD-35BB4EAE720B}.Debug|Any CPU.Build.0 = Debug|Any CPU
		{17A7EACB-826F-4A93-BBCD-35BB4EAE720B}.Debug|Any CPU.Deploy.0 = Debug|Any CPU
		{17A7EACB-826F-4A93-BBCD-35BB4EAE720B}.Debug|iPhone.ActiveCfg = Debug|Any CPU
		{17A7EACB-826F-4A93-BBCD-35BB4EAE720B}.Debug|iPhone.Build.0 = Debug|Any CPU
		{17A7EACB-826F-4A93-BBCD-35BB4EAE720B}.Debug|iPhone.Deploy.0 = Debug|Any CPU
		{17A7EACB-826F-4A93-BBCD-35BB4EAE720B}.Debug|iPhoneSimulator.ActiveCfg = Debug|Any CPU
		{17A7EACB-826F-4A93-BBCD-35BB4EAE720B}.Debug|iPhoneSimulator.Build.0 = Debug|Any CPU
		{17A7EACB-826F-4A93-BBCD-35BB4EAE720B}.Debug|iPhoneSimulator.Deploy.0 = Debug|Any CPU
		{17A7EACB-826F-4A93-BBCD-35BB4EAE720B}.Release|Any CPU.ActiveCfg = Release|Any CPU
		{17A7EACB-826F-4A93-BBCD-35BB4EAE720B}.Release|Any CPU.Build.0 = Release|Any CPU
		{17A7EACB-826F-4A93-BBCD-35BB4EAE720B}.Release|Any CPU.Deploy.0 = Release|Any CPU
		{17A7EACB-826F-4A93-BBCD-35BB4EAE720B}.Release|iPhone.ActiveCfg = Release|Any CPU
		{17A7EACB-826F-4A93-BBCD-35BB4EAE720B}.Release|iPhone.Build.0 = Release|Any CPU
		{17A7EACB-826F-4A93-BBCD-35BB4EAE720B}.Release|iPhone.Deploy.0 = Release|Any CPU
		{17A7EACB-826F-4A93-BBCD-35BB4EAE720B}.Release|iPhoneSimulator.ActiveCfg = Release|Any CPU
		{17A7EACB-826F-4A93-BBCD-35BB4EAE720B}.Release|iPhoneSimulator.Build.0 = Release|Any CPU
		{17A7EACB-826F-4A93-BBCD-35BB4EAE720B}.Release|iPhoneSimulator.Deploy.0 = Release|Any CPU
		{C572BC9E-45B2-442E-A66D-72A47CE8F43B}.Ad-Hoc|Any CPU.ActiveCfg = Debug|Any CPU
		{C572BC9E-45B2-442E-A66D-72A47CE8F43B}.Ad-Hoc|Any CPU.Build.0 = Debug|Any CPU
		{C572BC9E-45B2-442E-A66D-72A47CE8F43B}.Ad-Hoc|iPhone.ActiveCfg = Debug|Any CPU
		{C572BC9E-45B2-442E-A66D-72A47CE8F43B}.Ad-Hoc|iPhone.Build.0 = Debug|Any CPU
		{C572BC9E-45B2-442E-A66D-72A47CE8F43B}.Ad-Hoc|iPhoneSimulator.ActiveCfg = Debug|Any CPU
		{C572BC9E-45B2-442E-A66D-72A47CE8F43B}.Ad-Hoc|iPhoneSimulator.Build.0 = Debug|Any CPU
		{C572BC9E-45B2-442E-A66D-72A47CE8F43B}.AppStore|Any CPU.ActiveCfg = Debug|Any CPU
		{C572BC9E-45B2-442E-A66D-72A47CE8F43B}.AppStore|Any CPU.Build.0 = Debug|Any CPU
		{C572BC9E-45B2-442E-A66D-72A47CE8F43B}.AppStore|iPhone.ActiveCfg = Debug|Any CPU
		{C572BC9E-45B2-442E-A66D-72A47CE8F43B}.AppStore|iPhone.Build.0 = Debug|Any CPU
		{C572BC9E-45B2-442E-A66D-72A47CE8F43B}.AppStore|iPhoneSimulator.ActiveCfg = Debug|Any CPU
		{C572BC9E-45B2-442E-A66D-72A47CE8F43B}.AppStore|iPhoneSimulator.Build.0 = Debug|Any CPU
		{C572BC9E-45B2-442E-A66D-72A47CE8F43B}.Debug|Any CPU.ActiveCfg = Debug|Any CPU
		{C572BC9E-45B2-442E-A66D-72A47CE8F43B}.Debug|Any CPU.Build.0 = Debug|Any CPU
		{C572BC9E-45B2-442E-A66D-72A47CE8F43B}.Debug|iPhone.ActiveCfg = Debug|Any CPU
		{C572BC9E-45B2-442E-A66D-72A47CE8F43B}.Debug|iPhone.Build.0 = Debug|Any CPU
		{C572BC9E-45B2-442E-A66D-72A47CE8F43B}.Debug|iPhoneSimulator.ActiveCfg = Debug|Any CPU
		{C572BC9E-45B2-442E-A66D-72A47CE8F43B}.Debug|iPhoneSimulator.Build.0 = Debug|Any CPU
		{C572BC9E-45B2-442E-A66D-72A47CE8F43B}.Release|Any CPU.ActiveCfg = Release|Any CPU
		{C572BC9E-45B2-442E-A66D-72A47CE8F43B}.Release|Any CPU.Build.0 = Release|Any CPU
		{C572BC9E-45B2-442E-A66D-72A47CE8F43B}.Release|iPhone.ActiveCfg = Release|Any CPU
		{C572BC9E-45B2-442E-A66D-72A47CE8F43B}.Release|iPhone.Build.0 = Release|Any CPU
		{C572BC9E-45B2-442E-A66D-72A47CE8F43B}.Release|iPhoneSimulator.ActiveCfg = Release|Any CPU
		{C572BC9E-45B2-442E-A66D-72A47CE8F43B}.Release|iPhoneSimulator.Build.0 = Release|Any CPU
	EndGlobalSection
	GlobalSection(SolutionProperties) = preSolution
		HideSolutionNode = FALSE
	EndGlobalSection
	GlobalSection(ExtensibilityGlobals) = postSolution
		SolutionGuid = {E06E0779-3B09-4CF7-8EE9-61B91C0D7014}
	EndGlobalSection
EndGlobal
